
Microsoft Visual Studio Solution File, Format Version 12.00
# Visual Studio Version 17
VisualStudioVersion = 17.9.34723.18
MinimumVisualStudioVersion = 10.0.40219.1
Project("{FAE04EC0-301F-11D3-BF4B-00C04F79EFBC}") = "РКИС 12 ЛР", "РКИС 12 ЛР\РКИС 12 ЛР.csproj", "{301BCA02-8727-4A9C-80CB-CC8CF7074C87}"
EndProject
Global
	GlobalSection(SolutionConfigurationPlatforms) = preSolution
		Debug|Any CPU = Debug|Any CPU
		Release|Any CPU = Release|Any CPU
	EndGlobalSection
	GlobalSection(ProjectConfigurationPlatforms) = postSolution
		{301BCA02-8727-4A9C-80CB-CC8CF7074C87}.Debug|Any CPU.ActiveCfg = Debug|Any CPU
		{301BCA02-8727-4A9C-80CB-CC8CF7074C87}.Debug|Any CPU.Build.0 = Debug|Any CPU
		{301BCA02-8727-4A9C-80CB-CC8CF7074C87}.Release|Any CPU.ActiveCfg = Release|Any CPU
		{301BCA02-8727-4A9C-80CB-CC8CF7074C87}.Release|Any CPU.Build.0 = Release|Any CPU
	EndGlobalSection
	GlobalSection(SolutionProperties) = preSolution
		HideSolutionNode = FALSE
	EndGlobalSection
	GlobalSection(ExtensibilityGlobals) = postSolution
		SolutionGuid = {655B80CE-340B-48E5-A397-78A7C50F58B4}
	EndGlobalSection
EndGlobal
